
Microsoft Visual Studio Solution File, Format Version 12.00
# Visual Studio 15
VisualStudioVersion = 15.0.26730.16
MinimumVisualStudioVersion = 10.0.40219.1
Project("{FAE04EC0-301F-11D3-BF4B-00C04F79EFBC}") = "AreaCalculator", "AreaCalculator\AreaCalculator.csproj", "{BDD33DBB-46F6-4E77-A22A-A35327374D79}"
EndProject
Project("{FAE04EC0-301F-11D3-BF4B-00C04F79EFBC}") = "FigureAreaCalculator", "FigureAreaCalculator\FigureAreaCalculator.csproj", "{15E6D395-3B54-4757-9CEA-F29BC91A0F14}"
EndProject
Global
	GlobalSection(SolutionConfigurationPlatforms) = preSolution
		Debug|Any CPU = Debug|Any CPU
		Release|Any CPU = Release|Any CPU
	EndGlobalSection
	GlobalSection(ProjectConfigurationPlatforms) = postSolution
		{BDD33DBB-46F6-4E77-A22A-A35327374D79}.Debug|Any CPU.ActiveCfg = Debug|Any CPU
		{BDD33DBB-46F6-4E77-A22A-A35327374D79}.Debug|Any CPU.Build.0 = Debug|Any CPU
		{BDD33DBB-46F6-4E77-A22A-A35327374D79}.Release|Any CPU.ActiveCfg = Release|Any CPU
		{BDD33DBB-46F6-4E77-A22A-A35327374D79}.Release|Any CPU.Build.0 = Release|Any CPU
		{15E6D395-3B54-4757-9CEA-F29BC91A0F14}.Debug|Any CPU.ActiveCfg = Debug|Any CPU
		{15E6D395-3B54-4757-9CEA-F29BC91A0F14}.Debug|Any CPU.Build.0 = Debug|Any CPU
		{15E6D395-3B54-4757-9CEA-F29BC91A0F14}.Release|Any CPU.ActiveCfg = Release|Any CPU
		{15E6D395-3B54-4757-9CEA-F29BC91A0F14}.Release|Any CPU.Build.0 = Release|Any CPU
	EndGlobalSection
	GlobalSection(SolutionProperties) = preSolution
		HideSolutionNode = FALSE
	EndGlobalSection
	GlobalSection(ExtensibilityGlobals) = postSolution
		SolutionGuid = {BAC8F31F-5B7F-4A8A-AA73-45CD268E8FB9}
	EndGlobalSection
EndGlobal
